{
  "name": "uav-iot-dc-env",
  "lockfileVersion": 3,
  "requires": true,
  "packages": {
    "": {
      "devDependencies": {
        "codebase-memory-mcp": "^0.8.1"
      }
    },
    "node_modules/codebase-memory-mcp": {
      "version": "0.8.1",
      "resolved": "https://registry.npmjs.org/codebase-memory-mcp/-/codebase-memory-mcp-0.8.1.tgz",
      "integrity": "sha512-QUUqUL1CLT1euLQ2eI6kft+tZmIoC0wZxpCt2B844znzOk90fmDZJbT8z7ec3665imshNzAg7Szdl9vYNoxn+w==",
      "cpu": [
        "x64",
        "arm64"
      ],
      "dev": true,
      "hasInstallScript": true,
      "license": "MIT",
      "os": [
        "linux",
        "darwin",
        "win32"
      ],
      "bin": {
        "codebase-memory-mcp": "bin.js"
      },
      "engines": {
        "node": ">=18"
      }
    }
  }
}
